
Microsoft Visual Studio Solution File, Format Version 12.00
# Visual Studio Version 16
VisualStudioVersion = 16.0.30523.141
MinimumVisualStudioVersion = 10.0.40219.1
Project("{FAE04EC0-301F-11D3-BF4B-00C04F79EFBC}") = "XamarinFormsFundamentals.Android", "XamarinFormsFundamentals\XamarinFormsFundamentals.Android\XamarinFormsFundamentals.Android.csproj", "{2F86776F-65EC-4096-A5AB-B74202DF522E}"
EndProject
Project("{FAE04EC0-301F-11D3-BF4B-00C04F79EFBC}") = "XamarinFormsFundamentals.iOS", "XamarinFormsFundamentals\XamarinFormsFundamentals.iOS\XamarinFormsFundamentals.iOS.csproj", "{17C900A5-F63F-48C0-B704-ACD7D7941C66}"
EndProject
Project("{FAE04EC0-301F-11D3-BF4B-00C04F79EFBC}") = "XamarinFormsFundamentals", "XamarinFormsFundamentals\XamarinFormsFundamentals\XamarinFormsFundamentals.csproj", "{CDF80B2A-5993-4DE9-9ECD-F4EE77269366}"
EndProject
Global
	GlobalSection(SolutionConfigurationPlatforms) = preSolution
		Debug|Any CPU = Debug|Any CPU
		Debug|iPhone = Debug|iPhone
		Debug|iPhoneSimulator = Debug|iPhoneSimulator
		Release|Any CPU = Release|Any CPU
		Release|iPhone = Release|iPhone
		Release|iPhoneSimulator = Release|iPhoneSimulator
	EndGlobalSection
	GlobalSection(ProjectConfigurationPlatforms) = postSolution
		{2F86776F-65EC-4096-A5AB-B74202DF522E}.Debug|Any CPU.ActiveCfg = Debug|Any CPU
		{2F86776F-65EC-4096-A5AB-B74202DF522E}.Debug|Any CPU.Build.0 = Debug|Any CPU
		{2F86776F-65EC-4096-A5AB-B74202DF522E}.Debug|Any CPU.Deploy.0 = Debug|Any CPU
		{2F86776F-65EC-4096-A5AB-B74202DF522E}.Debug|iPhone.ActiveCfg = Debug|Any CPU
		{2F86776F-65EC-4096-A5AB-B74202DF522E}.Debug|iPhone.Build.0 = Debug|Any CPU
		{2F86776F-65EC-4096-A5AB-B74202DF522E}.Debug|iPhone.Deploy.0 = Debug|Any CPU
		{2F86776F-65EC-4096-A5AB-B74202DF522E}.Debug|iPhoneSimulator.ActiveCfg = Debug|Any CPU
		{2F86776F-65EC-4096-A5AB-B74202DF522E}.Debug|iPhoneSimulator.Build.0 = Debug|Any CPU
		{2F86776F-65EC-4096-A5AB-B74202DF522E}.Debug|iPhoneSimulator.Deploy.0 = Debug|Any CPU
		{2F86776F-65EC-4096-A5AB-B74202DF522E}.Release|Any CPU.ActiveCfg = Release|Any CPU
		{2F86776F-65EC-4096-A5AB-B74202DF522E}.Release|Any CPU.Build.0 = Release|Any CPU
		{2F86776F-65EC-4096-A5AB-B74202DF522E}.Release|Any CPU.Deploy.0 = Release|Any CPU
		{2F86776F-65EC-4096-A5AB-B74202DF522E}.Release|iPhone.ActiveCfg = Release|Any CPU
		{2F86776F-65EC-4096-A5AB-B74202DF522E}.Release|iPhone.Build.0 = Release|Any CPU
		{2F86776F-65EC-4096-A5AB-B74202DF522E}.Release|iPhone.Deploy.0 = Release|Any CPU
		{2F86776F-65EC-4096-A5AB-B74202DF522E}.Release|iPhoneSimulator.ActiveCfg = Release|Any CPU
		{2F86776F-65EC-4096-A5AB-B74202DF522E}.Release|iPhoneSimulator.Build.0 = Release|Any CPU
		{2F86776F-65EC-4096-A5AB-B74202DF522E}.Release|iPhoneSimulator.Deploy.0 = Release|Any CPU
		{17C900A5-F63F-48C0-B704-ACD7D7941C66}.Debug|Any CPU.ActiveCfg = Debug|iPhone
		{17C900A5-F63F-48C0-B704-ACD7D7941C66}.Debug|Any CPU.Build.0 = Debug|iPhone
		{17C900A5-F63F-48C0-B704-ACD7D7941C66}.Debug|Any CPU.Deploy.0 = Debug|iPhone
		{17C900A5-F63F-48C0-B704-ACD7D7941C66}.Debug|iPhone.ActiveCfg = Debug|iPhone
		{17C900A5-F63F-48C0-B704-ACD7D7941C66}.Debug|iPhone.Build.0 = Debug|iPhone
		{17C900A5-F63F-48C0-B704-ACD7D7941C66}.Debug|iPhone.Deploy.0 = Debug|iPhone
		{17C900A5-F63F-48C0-B704-ACD7D7941C66}.Debug|iPhoneSimulator.ActiveCfg = Debug|iPhoneSimulator
		{17C900A5-F63F-48C0-B704-ACD7D7941C66}.Debug|iPhoneSimulator.Build.0 = Debug|iPhoneSimulator
		{17C900A5-F63F-48C0-B704-ACD7D7941C66}.Debug|iPhoneSimulator.Deploy.0 = Debug|iPhoneSimulator
		{17C900A5-F63F-48C0-B704-ACD7D7941C66}.Release|Any CPU.ActiveCfg = Release|iPhoneSimulator
		{17C900A5-F63F-48C0-B704-ACD7D7941C66}.Release|Any CPU.Build.0 = Release|iPhoneSimulator
		{17C900A5-F63F-48C0-B704-ACD7D7941C66}.Release|Any CPU.Deploy.0 = Release|iPhoneSimulator
		{17C900A5-F63F-48C0-B704-ACD7D7941C66}.Release|iPhone.ActiveCfg = Release|iPhone
		{17C900A5-F63F-48C0-B704-ACD7D7941C66}.Release|iPhone.Build.0 = Release|iPhone
		{17C900A5-F63F-48C0-B704-ACD7D7941C66}.Release|iPhone.Deploy.0 = Release|iPhone
		{17C900A5-F63F-48C0-B704-ACD7D7941C66}.Release|iPhoneSimulator.ActiveCfg = Release|iPhoneSimulator
		{17C900A5-F63F-48C0-B704-ACD7D7941C66}.Release|iPhoneSimulator.Build.0 = Release|iPhoneSimulator
		{17C900A5-F63F-48C0-B704-ACD7D7941C66}.Release|iPhoneSimulator.Deploy.0 = Release|iPhoneSimulator
		{CDF80B2A-5993-4DE9-9ECD-F4EE77269366}.Debug|Any CPU.ActiveCfg = Debug|Any CPU
		{CDF80B2A-5993-4DE9-9ECD-F4EE77269366}.Debug|Any CPU.Build.0 = Debug|Any CPU
		{CDF80B2A-5993-4DE9-9ECD-F4EE77269366}.Debug|Any CPU.Deploy.0 = Debug|Any CPU
		{CDF80B2A-5993-4DE9-9ECD-F4EE77269366}.Debug|iPhone.ActiveCfg = Debug|Any CPU
		{CDF80B2A-5993-4DE9-9ECD-F4EE77269366}.Debug|iPhone.Build.0 = Debug|Any CPU
		{CDF80B2A-5993-4DE9-9ECD-F4EE77269366}.Debug|iPhone.Deploy.0 = Debug|Any CPU
		{CDF80B2A-5993-4DE9-9ECD-F4EE77269366}.Debug|iPhoneSimulator.ActiveCfg = Debug|Any CPU
		{CDF80B2A-5993-4DE9-9ECD-F4EE77269366}.Debug|iPhoneSimulator.Build.0 = Debug|Any CPU
		{CDF80B2A-5993-4DE9-9ECD-F4EE77269366}.Debug|iPhoneSimulator.Deploy.0 = Debug|Any CPU
		{CDF80B2A-5993-4DE9-9ECD-F4EE77269366}.Release|Any CPU.ActiveCfg = Release|Any CPU
		{CDF80B2A-5993-4DE9-9ECD-F4EE77269366}.Release|Any CPU.Build.0 = Release|Any CPU
		{CDF80B2A-5993-4DE9-9ECD-F4EE77269366}.Release|Any CPU.Deploy.0 = Release|Any CPU
		{CDF80B2A-5993-4DE9-9ECD-F4EE77269366}.Release|iPhone.ActiveCfg = Release|Any CPU
		{CDF80B2A-5993-4DE9-9ECD-F4EE77269366}.Release|iPhone.Build.0 = Release|Any CPU
		{CDF80B2A-5993-4DE9-9ECD-F4EE77269366}.Release|iPhone.Deploy.0 = Release|Any CPU
		{CDF80B2A-5993-4DE9-9ECD-F4EE77269366}.Release|iPhoneSimulator.ActiveCfg = Release|Any CPU
		{CDF80B2A-5993-4DE9-9ECD-F4EE77269366}.Release|iPhoneSimulator.Build.0 = Release|Any CPU
		{CDF80B2A-5993-4DE9-9ECD-F4EE77269366}.Release|iPhoneSimulator.Deploy.0 = Release|Any CPU
	EndGlobalSection
	GlobalSection(SolutionProperties) = preSolution
		HideSolutionNode = FALSE
	EndGlobalSection
	GlobalSection(ExtensibilityGlobals) = postSolution
		SolutionGuid = {3048E752-9112-464C-8806-D1D675ECF65A}
	EndGlobalSection
EndGlobal
